
Microsoft Visual Studio Solution File, Format Version 12.00
# Visual Studio 15
VisualStudioVersion = 15.0.28010.2036
MinimumVisualStudioVersion = 10.0.40219.1
Project("{8BC9CEB8-8B4A-11D0-8D11-00A0C91BC942}") = "Project", "Project\Project.vcxproj", "{4E4DE05A-4EAC-428F-80AC-5B5AE9E17984}"
EndProject
Global
	GlobalSection(SolutionConfigurationPlatforms) = preSolution
		Debug|x64 = Debug|x64
		Debug|x86 = Debug|x86
		Release|x64 = Release|x64
		Release|x86 = Release|x86
	EndGlobalSection
	GlobalSection(ProjectConfigurationPlatforms) = postSolution
		{4E4DE05A-4EAC-428F-80AC-5B5AE9E17984}.Debug|x64.ActiveCfg = Debug|x64
		{4E4DE05A-4EAC-428F-80AC-5B5AE9E17984}.Debug|x64.Build.0 = Debug|x64
		{4E4DE05A-4EAC-428F-80AC-5B5AE9E17984}.Debug|x86.ActiveCfg = Debug|Win32
		{4E4DE05A-4EAC-428F-80AC-5B5AE9E17984}.Debug|x86.Build.0 = Debug|Win32
		{4E4DE05A-4EAC-428F-80AC-5B5AE9E17984}.Release|x64.ActiveCfg = Release|x64
		{4E4DE05A-4EAC-428F-80AC-5B5AE9E17984}.Release|x64.Build.0 = Release|x64
		{4E4DE05A-4EAC-428F-80AC-5B5AE9E17984}.Release|x86.ActiveCfg = Release|Win32
		{4E4DE05A-4EAC-428F-80AC-5B5AE9E17984}.Release|x86.Build.0 = Release|Win32
	EndGlobalSection
	GlobalSection(SolutionProperties) = preSolution
		HideSolutionNode = FALSE
	EndGlobalSection
	GlobalSection(ExtensibilityGlobals) = postSolution
		SolutionGuid = {72967A2D-D5E5-4FBE-9221-9A1950BBE8F1}
	EndGlobalSection
EndGlobal
